<Solution>
  <Folder Name="/src/">
    <Project Path="src/AIGuiders.Platform.Modeling.Gdl.Core/AIGuiders.Platform.Modeling.Gdl.Core.fsproj" />
    <Project Path="src/AIGuiders.Platform.Modeling.Gdl.Validation/AIGuiders.Platform.Modeling.Gdl.Validation.fsproj" />
    <Project Path="src/AIGuiders.Platform.Modeling.Gdl.Authoring/AIGuiders.Platform.Modeling.Gdl.Authoring.fsproj" />
    <Project Path="src/AIGuiders.Platform.Modeling.Gdl.Presentation/AIGuiders.Platform.Modeling.Gdl.Presentation.fsproj" />
    <Project Path="src/AIGuiders.Platform.Modeling.Gdl.Parse.Deck/AIGuiders.Platform.Modeling.Gdl.Parse.Deck.fsproj" />
  </Folder>
  <Folder Name="/tests/">
    <Project Path="tests/AIGuiders.Platform.Modeling.Gdl.Core.Tests/AIGuiders.Platform.Modeling.Gdl.Core.Tests.fsproj" />
  </Folder>
</Solution>
