<Solution>
  <Folder Name="/src/">
    <Project Path="src/AIGuiders.Platform.Modeling.Gdl.Core/AIGuiders.Platform.Modeling.Gdl.Core.fsproj" />
    <Project Path="src/AIGuiders.Platform.Modeling.Gdl.Validation/AIGuiders.Platform.Modeling.Gdl.Validation.fsproj" />
    <Project Path="src/AIGuiders.Platform.Modeling.Gdl.Authoring/AIGuiders.Platform.Modeling.Gdl.Authoring.fsproj" />
    <Project Path="src/AIGuiders.Platform.Modeling.Gdl.Presentation/AIGuiders.Platform.Modeling.Gdl.Presentation.fsproj" />
    <Project Path="src/AIGuiders.Platform.Modeling.Gdl.Parse.Deck/AIGuiders.Platform.Modeling.Gdl.Parse.Deck.fsproj" />
    <Project Path="src/AIGuiders.Platform.Modeling.Cockpit.DataBus/AIGuiders.Platform.Modeling.Cockpit.DataBus.fsproj" />
    <Project Path="src/AIGuiders.Platform.Modeling.Cockpit.Cds/AIGuiders.Platform.Modeling.Cockpit.Cds.fsproj" />
    <Project Path="src/AIGuiders.Platform.Modeling.Cockpit.Rules/AIGuiders.Platform.Modeling.Cockpit.Rules.fsproj" />
    <Project Path="src/AIGuiders.Platform.Modeling.Core/AIGuiders.Platform.Modeling.Core.fsproj" />
    <Project Path="src/AIGuiders.Platform.Modeling.Paths/AIGuiders.Platform.Modeling.Paths.fsproj" />
    <Project Path="src/AIGuiders.Platform.Modeling.Routing/AIGuiders.Platform.Modeling.Routing.fsproj" />
    <Project Path="src/AIGuiders.Platform.Modeling.Catalog/AIGuiders.Platform.Modeling.Catalog.fsproj" />
    <Project Path="src/AIGuiders.Platform.Modeling.Gdl.Expression/AIGuiders.Platform.Modeling.Gdl.Expression.fsproj" />
    <Project Path="src/AIGuiders.Platform.Modeling.Gdl.Parse.CockpitLogic/AIGuiders.Platform.Modeling.Gdl.Parse.CockpitLogic.fsproj" />
    <Project Path="src/AIGuiders.Platform.Modeling.Notations.Bracket/AIGuiders.Platform.Modeling.Notations.Bracket.fsproj" />
    <Project Path="src/AIGuiders.Platform.Modeling.Notations.Command/AIGuiders.Platform.Modeling.Notations.Command.fsproj" />
    <Project Path="src/AIGuiders.Platform.Modeling.Notations.Keyboard/AIGuiders.Platform.Modeling.Notations.Keyboard.fsproj" />
    <Project Path="src/AIGuiders.Platform.Modeling.Notations.Argument/AIGuiders.Platform.Modeling.Notations.Argument.fsproj" />
    <Project Path="src/AIGuiders.Platform.Modeling.Language/AIGuiders.Platform.Modeling.Language.fsproj" />
    <Project Path="src/AIGuiders.Platform.Modeling.Language.Adapters.Fcs/AIGuiders.Platform.Modeling.Language.Adapters.Fcs.fsproj" />
    <Project Path="src/AIGuiders.Platform.Modeling.Language.Adapters.Gdl/AIGuiders.Platform.Modeling.Language.Adapters.Gdl.fsproj" />
    <Project Path="src/AIGuiders.Platform.Modeling.Ide.Session/AIGuiders.Platform.Modeling.Ide.Session.fsproj" />
    <Project Path="src/AIGuiders.Platform.Modeling.Ide.Session.Ports.DotNet/AIGuiders.Platform.Modeling.Ide.Session.Ports.DotNet.fsproj" />
  </Folder>
  <Folder Name="/tests/">
    <Project Path="tests/AIGuiders.Platform.Modeling.Language.Tests/AIGuiders.Platform.Modeling.Language.Tests.fsproj" />
    <Project Path="tests/AIGuiders.Platform.Modeling.Gdl.Core.Tests/AIGuiders.Platform.Modeling.Gdl.Core.Tests.fsproj" />
    <Project Path="tests/AIGuiders.Platform.Modeling.Cockpit.DataBus.Tests/AIGuiders.Platform.Modeling.Cockpit.DataBus.Tests.fsproj" />
    <Project Path="tests/AIGuiders.Platform.Modeling.Ide.Session.Tests/AIGuiders.Platform.Modeling.Ide.Session.Tests.fsproj" />
    <Project Path="tests/AIGuiders.Platform.Modeling.Ide.Session.Ports.DotNet.Tests/AIGuiders.Platform.Modeling.Ide.Session.Ports.DotNet.Tests.fsproj" />
    <Project Path="tests/AIGuiders.Platform.Modeling.Notations.Command.Tests/AIGuiders.Platform.Modeling.Notations.Command.Tests.fsproj" />
  </Folder>
</Solution>
